
Microsoft Visual Studio Solution File, Format Version 12.00
# Visual Studio Version 16
VisualStudioVersion = 16.0.30225.117
MinimumVisualStudioVersion = 10.0.40219.1
Project("{FAE04EC0-301F-11D3-BF4B-00C04F79EFBC}") = "APIDiary", "APIDiary\APIDiary.csproj", "{FEB3FA92-9E75-45E7-BB77-0E6D7A2F3C7C}"
EndProject
Global
	GlobalSection(SolutionConfigurationPlatforms) = preSolution
		Debug|Any CPU = Debug|Any CPU
		Release|Any CPU = Release|Any CPU
	EndGlobalSection
	GlobalSection(ProjectConfigurationPlatforms) = postSolution
		{FEB3FA92-9E75-45E7-BB77-0E6D7A2F3C7C}.Debug|Any CPU.ActiveCfg = Debug|Any CPU
		{FEB3FA92-9E75-45E7-BB77-0E6D7A2F3C7C}.Debug|Any CPU.Build.0 = Debug|Any CPU
		{FEB3FA92-9E75-45E7-BB77-0E6D7A2F3C7C}.Release|Any CPU.ActiveCfg = Release|Any CPU
		{FEB3FA92-9E75-45E7-BB77-0E6D7A2F3C7C}.Release|Any CPU.Build.0 = Release|Any CPU
	EndGlobalSection
	GlobalSection(SolutionProperties) = preSolution
		HideSolutionNode = FALSE
	EndGlobalSection
	GlobalSection(ExtensibilityGlobals) = postSolution
		SolutionGuid = {3A7CA4CF-136B-4BB6-B06E-D32269F62571}
	EndGlobalSection
EndGlobal
